
Microsoft Visual Studio Solution File, Format Version 12.00
# Visual Studio Version 16
VisualStudioVersion = 16.0.31019.35
MinimumVisualStudioVersion = 10.0.40219.1
Project("{FAE04EC0-301F-11D3-BF4B-00C04F79EFBC}") = "Exercicio do Triangulo", "Exercicio do Triangulo\Exercicio do Triangulo.csproj", "{81A04968-94A6-459A-BA42-D3955A4B4497}"
EndProject
Global
	GlobalSection(SolutionConfigurationPlatforms) = preSolution
		Debug|Any CPU = Debug|Any CPU
		Release|Any CPU = Release|Any CPU
	EndGlobalSection
	GlobalSection(ProjectConfigurationPlatforms) = postSolution
		{81A04968-94A6-459A-BA42-D3955A4B4497}.Debug|Any CPU.ActiveCfg = Debug|Any CPU
		{81A04968-94A6-459A-BA42-D3955A4B4497}.Debug|Any CPU.Build.0 = Debug|Any CPU
		{81A04968-94A6-459A-BA42-D3955A4B4497}.Release|Any CPU.ActiveCfg = Release|Any CPU
		{81A04968-94A6-459A-BA42-D3955A4B4497}.Release|Any CPU.Build.0 = Release|Any CPU
	EndGlobalSection
	GlobalSection(SolutionProperties) = preSolution
		HideSolutionNode = FALSE
	EndGlobalSection
	GlobalSection(ExtensibilityGlobals) = postSolution
		SolutionGuid = {A0304B56-4C14-4A14-B198-CC404E08A2CB}
	EndGlobalSection
EndGlobal
