
Microsoft Visual Studio Solution File, Format Version 12.00
# Visual Studio Version 16
VisualStudioVersion = 16.0.31019.35
MinimumVisualStudioVersion = 10.0.40219.1
Project("{FAE04EC0-301F-11D3-BF4B-00C04F79EFBC}") = "Lambida5", "Lambida5\Lambida5.csproj", "{204F6B1A-4A0B-4A36-A7AC-6BE16F2D0332}"
EndProject
Global
	GlobalSection(SolutionConfigurationPlatforms) = preSolution
		Debug|Any CPU = Debug|Any CPU
		Release|Any CPU = Release|Any CPU
	EndGlobalSection
	GlobalSection(ProjectConfigurationPlatforms) = postSolution
		{204F6B1A-4A0B-4A36-A7AC-6BE16F2D0332}.Debug|Any CPU.ActiveCfg = Debug|Any CPU
		{204F6B1A-4A0B-4A36-A7AC-6BE16F2D0332}.Debug|Any CPU.Build.0 = Debug|Any CPU
		{204F6B1A-4A0B-4A36-A7AC-6BE16F2D0332}.Release|Any CPU.ActiveCfg = Release|Any CPU
		{204F6B1A-4A0B-4A36-A7AC-6BE16F2D0332}.Release|Any CPU.Build.0 = Release|Any CPU
	EndGlobalSection
	GlobalSection(SolutionProperties) = preSolution
		HideSolutionNode = FALSE
	EndGlobalSection
	GlobalSection(ExtensibilityGlobals) = postSolution
		SolutionGuid = {DBED9A70-E43C-4BF1-A872-93B6762560D1}
	EndGlobalSection
EndGlobal
