
Microsoft Visual Studio Solution File, Format Version 12.00
# Visual Studio Version 16
VisualStudioVersion = 16.0.31019.35
MinimumVisualStudioVersion = 10.0.40219.1
Project("{FAE04EC0-301F-11D3-BF4B-00C04F79EFBC}") = "GeteHasCodeEqualsPersonalizado", "GeteHasCodeEqualsPersonalizado\GeteHasCodeEqualsPersonalizado.csproj", "{ED0BA207-A8A3-426E-99D0-47BEFC200754}"
EndProject
Global
	GlobalSection(SolutionConfigurationPlatforms) = preSolution
		Debug|Any CPU = Debug|Any CPU
		Release|Any CPU = Release|Any CPU
	EndGlobalSection
	GlobalSection(ProjectConfigurationPlatforms) = postSolution
		{ED0BA207-A8A3-426E-99D0-47BEFC200754}.Debug|Any CPU.ActiveCfg = Debug|Any CPU
		{ED0BA207-A8A3-426E-99D0-47BEFC200754}.Debug|Any CPU.Build.0 = Debug|Any CPU
		{ED0BA207-A8A3-426E-99D0-47BEFC200754}.Release|Any CPU.ActiveCfg = Release|Any CPU
		{ED0BA207-A8A3-426E-99D0-47BEFC200754}.Release|Any CPU.Build.0 = Release|Any CPU
	EndGlobalSection
	GlobalSection(SolutionProperties) = preSolution
		HideSolutionNode = FALSE
	EndGlobalSection
	GlobalSection(ExtensibilityGlobals) = postSolution
		SolutionGuid = {D6124300-2CD4-4176-9C17-04CAC671CB00}
	EndGlobalSection
EndGlobal
