
Microsoft Visual Studio Solution File, Format Version 12.00
# Visual Studio Version 16
VisualStudioVersion = 16.0.31019.35
MinimumVisualStudioVersion = 10.0.40219.1
Project("{FAE04EC0-301F-11D3-BF4B-00C04F79EFBC}") = "Vetor1MediaDeAltura", "Vetor1MediaDeAltura\Vetor1MediaDeAltura.csproj", "{6E92E43D-4E18-4370-84E5-878F5F0CE45B}"
EndProject
Global
	GlobalSection(SolutionConfigurationPlatforms) = preSolution
		Debug|Any CPU = Debug|Any CPU
		Release|Any CPU = Release|Any CPU
	EndGlobalSection
	GlobalSection(ProjectConfigurationPlatforms) = postSolution
		{6E92E43D-4E18-4370-84E5-878F5F0CE45B}.Debug|Any CPU.ActiveCfg = Debug|Any CPU
		{6E92E43D-4E18-4370-84E5-878F5F0CE45B}.Debug|Any CPU.Build.0 = Debug|Any CPU
		{6E92E43D-4E18-4370-84E5-878F5F0CE45B}.Release|Any CPU.ActiveCfg = Release|Any CPU
		{6E92E43D-4E18-4370-84E5-878F5F0CE45B}.Release|Any CPU.Build.0 = Release|Any CPU
	EndGlobalSection
	GlobalSection(SolutionProperties) = preSolution
		HideSolutionNode = FALSE
	EndGlobalSection
	GlobalSection(ExtensibilityGlobals) = postSolution
		SolutionGuid = {7F9A09F6-6850-4403-9A20-9BA4AE2C819C}
	EndGlobalSection
EndGlobal
