
Microsoft Visual Studio Solution File, Format Version 12.00
# Visual Studio Version 16
VisualStudioVersion = 16.0.31019.35
MinimumVisualStudioVersion = 10.0.40219.1
Project("{FAE04EC0-301F-11D3-BF4B-00C04F79EFBC}") = "LendoDadosFuncionárioImposto", "LendoDadosFuncionárioImposto\LendoDadosFuncionárioImposto.csproj", "{1A1ABFC4-5215-4D79-B3C1-99EBEF50DC57}"
EndProject
Global
	GlobalSection(SolutionConfigurationPlatforms) = preSolution
		Debug|Any CPU = Debug|Any CPU
		Release|Any CPU = Release|Any CPU
	EndGlobalSection
	GlobalSection(ProjectConfigurationPlatforms) = postSolution
		{1A1ABFC4-5215-4D79-B3C1-99EBEF50DC57}.Debug|Any CPU.ActiveCfg = Debug|Any CPU
		{1A1ABFC4-5215-4D79-B3C1-99EBEF50DC57}.Debug|Any CPU.Build.0 = Debug|Any CPU
		{1A1ABFC4-5215-4D79-B3C1-99EBEF50DC57}.Release|Any CPU.ActiveCfg = Release|Any CPU
		{1A1ABFC4-5215-4D79-B3C1-99EBEF50DC57}.Release|Any CPU.Build.0 = Release|Any CPU
	EndGlobalSection
	GlobalSection(SolutionProperties) = preSolution
		HideSolutionNode = FALSE
	EndGlobalSection
	GlobalSection(ExtensibilityGlobals) = postSolution
		SolutionGuid = {87F1D792-FBA9-4908-855D-F17B62F2E51D}
	EndGlobalSection
EndGlobal
