
Microsoft Visual Studio Solution File, Format Version 12.00
# Visual Studio Version 16
VisualStudioVersion = 16.0.31019.35
MinimumVisualStudioVersion = 10.0.40219.1
Project("{FAE04EC0-301F-11D3-BF4B-00C04F79EFBC}") = "Lambida1", "Lambida1\Lambida1.csproj", "{0D15DDE5-46D1-49D4-8986-CEBE272237FA}"
EndProject
Global
	GlobalSection(SolutionConfigurationPlatforms) = preSolution
		Debug|Any CPU = Debug|Any CPU
		Release|Any CPU = Release|Any CPU
	EndGlobalSection
	GlobalSection(ProjectConfigurationPlatforms) = postSolution
		{0D15DDE5-46D1-49D4-8986-CEBE272237FA}.Debug|Any CPU.ActiveCfg = Debug|Any CPU
		{0D15DDE5-46D1-49D4-8986-CEBE272237FA}.Debug|Any CPU.Build.0 = Debug|Any CPU
		{0D15DDE5-46D1-49D4-8986-CEBE272237FA}.Release|Any CPU.ActiveCfg = Release|Any CPU
		{0D15DDE5-46D1-49D4-8986-CEBE272237FA}.Release|Any CPU.Build.0 = Release|Any CPU
	EndGlobalSection
	GlobalSection(SolutionProperties) = preSolution
		HideSolutionNode = FALSE
	EndGlobalSection
	GlobalSection(ExtensibilityGlobals) = postSolution
		SolutionGuid = {356F104A-A425-4593-BB6E-2AF734505711}
	EndGlobalSection
EndGlobal
