
Microsoft Visual Studio Solution File, Format Version 12.00
# Visual Studio Version 16
VisualStudioVersion = 16.0.31019.35
MinimumVisualStudioVersion = 10.0.40219.1
Project("{FAE04EC0-301F-11D3-BF4B-00C04F79EFBC}") = "PrintServiceT", "PrintServiceT\PrintServiceT.csproj", "{97F60BC5-49B1-4257-827E-1E894FE019C2}"
EndProject
Global
	GlobalSection(SolutionConfigurationPlatforms) = preSolution
		Debug|Any CPU = Debug|Any CPU
		Release|Any CPU = Release|Any CPU
	EndGlobalSection
	GlobalSection(ProjectConfigurationPlatforms) = postSolution
		{97F60BC5-49B1-4257-827E-1E894FE019C2}.Debug|Any CPU.ActiveCfg = Debug|Any CPU
		{97F60BC5-49B1-4257-827E-1E894FE019C2}.Debug|Any CPU.Build.0 = Debug|Any CPU
		{97F60BC5-49B1-4257-827E-1E894FE019C2}.Release|Any CPU.ActiveCfg = Release|Any CPU
		{97F60BC5-49B1-4257-827E-1E894FE019C2}.Release|Any CPU.Build.0 = Release|Any CPU
	EndGlobalSection
	GlobalSection(SolutionProperties) = preSolution
		HideSolutionNode = FALSE
	EndGlobalSection
	GlobalSection(ExtensibilityGlobals) = postSolution
		SolutionGuid = {56F8019C-1684-49AE-A164-984FEC134488}
	EndGlobalSection
EndGlobal
