
Microsoft Visual Studio Solution File, Format Version 12.00
# Visual Studio Version 16
VisualStudioVersion = 16.0.31019.35
MinimumVisualStudioVersion = 10.0.40219.1
Project("{FAE04EC0-301F-11D3-BF4B-00C04F79EFBC}") = "Bloco finally", "Bloco finally\Bloco finally.csproj", "{933861B4-6F27-4938-AC9B-15D6FA9B3964}"
EndProject
Global
	GlobalSection(SolutionConfigurationPlatforms) = preSolution
		Debug|Any CPU = Debug|Any CPU
		Release|Any CPU = Release|Any CPU
	EndGlobalSection
	GlobalSection(ProjectConfigurationPlatforms) = postSolution
		{933861B4-6F27-4938-AC9B-15D6FA9B3964}.Debug|Any CPU.ActiveCfg = Debug|Any CPU
		{933861B4-6F27-4938-AC9B-15D6FA9B3964}.Debug|Any CPU.Build.0 = Debug|Any CPU
		{933861B4-6F27-4938-AC9B-15D6FA9B3964}.Release|Any CPU.ActiveCfg = Release|Any CPU
		{933861B4-6F27-4938-AC9B-15D6FA9B3964}.Release|Any CPU.Build.0 = Release|Any CPU
	EndGlobalSection
	GlobalSection(SolutionProperties) = preSolution
		HideSolutionNode = FALSE
	EndGlobalSection
	GlobalSection(ExtensibilityGlobals) = postSolution
		SolutionGuid = {B88262F1-3843-40F2-8ECE-CB4027BE3F35}
	EndGlobalSection
EndGlobal
